<?xml version="1.0" encoding="utf-8"?>
<Project ToolsVersion="4.0" xmlns="http://schemas.microsoft.com/developer/msbuild/2003">
  <ItemGroup>
    <ClCompile Include=".\SyclesPlugin.cpp" />
    <ClCompile Include="render_base\render_engine_base.cpp">
      <Filter>render_base</Filter>
    </ClCompile>
    <ClCompile Include="version.cpp" />
    <ClCompile Include="si_callbacks\si_callbacks.cpp">
      <Filter>si_callbacks</Filter>
    </ClCompile>
    <ClCompile Include="utilities\logs.cpp">
      <Filter>utilities</Filter>
    </ClCompile>
    <ClCompile Include="render_cycles\cycles_ui.cpp">
      <Filter>render_cycles</Filter>
    </ClCompile>
    <ClCompile Include="render_cycles\render_engine_cyc.cpp">
      <Filter>render_cycles</Filter>
    </ClCompile>
    <ClCompile Include="utilities\arrays.cpp">
      <Filter>utilities</Filter>
    </ClCompile>
    <ClCompile Include="output\write_image.cpp">
      <Filter>output</Filter>
    </ClCompile>
    <ClCompile Include="input\input.cpp">
      <Filter>input</Filter>
    </ClCompile>
    <ClCompile Include="render_cycles\cyc_session\cyc_session.cpp">
      <Filter>render_cycles\cyc_session</Filter>
    </ClCompile>
    <ClCompile Include="render_cycles\cyc_output\output_drivers.cpp">
      <Filter>render_cycles\cyc_output</Filter>
    </ClCompile>
    <ClCompile Include="render_cycles\cyc_scene\cyc_scene.cpp">
      <Filter>render_cycles\cyc_scene</Filter>
    </ClCompile>
    <ClCompile Include="render_cycles\cyc_session\cyc_pass.cpp">
      <Filter>render_cycles\cyc_session</Filter>
    </ClCompile>
    <ClCompile Include="render_cycles\cyc_output\output_context.cpp">
      <Filter>render_cycles\cyc_output</Filter>
    </ClCompile>
    <ClCompile Include="utilities\strings.cpp">
      <Filter>utilities</Filter>
    </ClCompile>
    <ClCompile Include="output\pixel_process.cpp">
      <Filter>output</Filter>
    </ClCompile>
    <ClCompile Include="utilities\miniz.c">
      <Filter>utilities</Filter>
    </ClCompile>
    <ClCompile Include="utilities\math.cpp">
      <Filter>utilities</Filter>
    </ClCompile>
    <ClCompile Include="output\labels_buffer.cpp">
      <Filter>output</Filter>
    </ClCompile>
    <ClCompile Include="render_cycles\cyc_output\color_transform_context.cpp">
      <Filter>render_cycles\cyc_output</Filter>
    </ClCompile>
  </ItemGroup>
  <ItemGroup>
    <Filter Include="render_base">
      <UniqueIdentifier>{29e060f8-4171-4a64-8656-396011fea624}</UniqueIdentifier>
    </Filter>
    <Filter Include="render_cycles">
      <UniqueIdentifier>{edf09978-00ed-4c9f-a0c1-4365a7367a04}</UniqueIdentifier>
    </Filter>
    <Filter Include="si_callbacks">
      <UniqueIdentifier>{918cd697-ddc3-4a18-9ab6-a14004c6de52}</UniqueIdentifier>
    </Filter>
    <Filter Include="utilities">
      <UniqueIdentifier>{78749c2e-afee-4512-bffb-b1a7cf47f915}</UniqueIdentifier>
    </Filter>
    <Filter Include="output">
      <UniqueIdentifier>{8e50549b-b2d4-4e51-9b11-8f0f957d604e}</UniqueIdentifier>
    </Filter>
    <Filter Include="input">
      <UniqueIdentifier>{4887b038-4ec6-4e11-8599-598eaec6d70f}</UniqueIdentifier>
    </Filter>
    <Filter Include="render_cycles\cyc_session">
      <UniqueIdentifier>{abecd6b5-0eb3-439b-ab35-4b5ce79361a5}</UniqueIdentifier>
    </Filter>
    <Filter Include="render_cycles\cyc_scene">
      <UniqueIdentifier>{922a694e-628c-49d1-8e0a-622e8a566b31}</UniqueIdentifier>
    </Filter>
    <Filter Include="render_cycles\cyc_output">
      <UniqueIdentifier>{ba44cfc5-9d47-4335-8463-74a2aa0a7e44}</UniqueIdentifier>
    </Filter>
  </ItemGroup>
  <ItemGroup>
    <ClInclude Include="render_base\render_engine_base.h">
      <Filter>render_base</Filter>
    </ClInclude>
    <ClInclude Include="render_base\render_tile.h">
      <Filter>render_base</Filter>
    </ClInclude>
    <ClInclude Include="render_base\render_visual_buffer.h">
      <Filter>render_base</Filter>
    </ClInclude>
    <ClInclude Include="version.h" />
    <ClInclude Include="si_callbacks\si_callbacks.h">
      <Filter>si_callbacks</Filter>
    </ClInclude>
    <ClInclude Include="si_callbacks\si_locker.h">
      <Filter>si_callbacks</Filter>
    </ClInclude>
    <ClInclude Include="utilities\logs.h">
      <Filter>utilities</Filter>
    </ClInclude>
    <ClInclude Include="render_cycles\render_engine_cyc.h">
      <Filter>render_cycles</Filter>
    </ClInclude>
    <ClInclude Include="utilities\arrays.h">
      <Filter>utilities</Filter>
    </ClInclude>
    <ClInclude Include="output\write_image.h">
      <Filter>output</Filter>
    </ClInclude>
    <ClInclude Include="input\input.h">
      <Filter>input</Filter>
    </ClInclude>
    <ClInclude Include="input\input_devices.h">
      <Filter>input</Filter>
    </ClInclude>
    <ClInclude Include="input\config_ini.h">
      <Filter>input</Filter>
    </ClInclude>
    <ClInclude Include="utilities\SimpleIni.h">
      <Filter>utilities</Filter>
    </ClInclude>
    <ClInclude Include="input\config_ocio.h">
      <Filter>input</Filter>
    </ClInclude>
    <ClInclude Include="render_cycles\cyc_session\cyc_session.h">
      <Filter>render_cycles\cyc_session</Filter>
    </ClInclude>
    <ClInclude Include="render_cycles\cyc_output\output_drivers.h">
      <Filter>render_cycles\cyc_output</Filter>
    </ClInclude>
    <ClInclude Include="render_cycles\cyc_scene\cyc_scene.h">
      <Filter>render_cycles\cyc_scene</Filter>
    </ClInclude>
    <ClInclude Include="render_cycles\cyc_output\output_context.h">
      <Filter>render_cycles\cyc_output</Filter>
    </ClInclude>
    <ClInclude Include="utilities\strings.h">
      <Filter>utilities</Filter>
    </ClInclude>
    <ClInclude Include="utilities\tinyexr.h">
      <Filter>utilities</Filter>
    </ClInclude>
    <ClInclude Include="utilities\stb_image_write.h">
      <Filter>utilities</Filter>
    </ClInclude>
    <ClInclude Include="utilities\miniz.h">
      <Filter>utilities</Filter>
    </ClInclude>
    <ClInclude Include="utilities\math.h">
      <Filter>utilities</Filter>
    </ClInclude>
    <ClInclude Include="render_cycles\cyc_scene\cyc_labels.h">
      <Filter>render_cycles\cyc_scene</Filter>
    </ClInclude>
    <ClInclude Include="output\labels_symbols.h">
      <Filter>output</Filter>
    </ClInclude>
    <ClInclude Include="render_cycles\cyc_output\color_transform_context.h">
      <Filter>render_cycles\cyc_output</Filter>
    </ClInclude>
    <ClInclude Include="render_cycles\cyc_scene\primitives_geometry.h">
      <Filter>render_cycles\cyc_scene</Filter>
    </ClInclude>
    <ClInclude Include="render_cycles\cyc_session\cyc_pass_utils.h">
      <Filter>render_cycles\cyc_session</Filter>
    </ClInclude>
    <ClInclude Include="render_base\type_enums.h">
      <Filter>render_base</Filter>
    </ClInclude>
  </ItemGroup>
</Project>